# THIS IS AN AUTOGENERATED FILE. DO NOT EDIT THIS FILE DIRECTLY.
# yarn lockfile v1


create-next-app@^13.0.1:
  version "13.0.1"
  resolved "https://registry.yarnpkg.com/create-next-app/-/create-next-app-13.0.1.tgz#fc2e6815fa899d863d208dc1df4ef3618ff100e0"
  integrity sha512-YrB1Dz5zRBAIN/BhvAQ9AXrITLj7jnj1wvuKM48W7vJ/vZC4oUKD3zJFW6wabn7AmybSG+pzzdiKgXQMywct3w==
